
Microsoft Visual Studio Solution File, Format Version 12.00
# Visual Studio Version 16
VisualStudioVersion = 16.0.29215.179
MinimumVisualStudioVersion = 10.0.40219.1
Project("{FAE04EC0-301F-11D3-BF4B-00C04F79EFBC}") = "AspFinal", "AspFinal\AspFinal.csproj", "{1EF2AD61-4AF0-4198-829F-55AA9F512031}"
EndProject
Global
	GlobalSection(SolutionConfigurationPlatforms) = preSolution
		Debug|Any CPU = Debug|Any CPU
		Release|Any CPU = Release|Any CPU
	EndGlobalSection
	GlobalSection(ProjectConfigurationPlatforms) = postSolution
		{1EF2AD61-4AF0-4198-829F-55AA9F512031}.Debug|Any CPU.ActiveCfg = Debug|Any CPU
		{1EF2AD61-4AF0-4198-829F-55AA9F512031}.Debug|Any CPU.Build.0 = Debug|Any CPU
		{1EF2AD61-4AF0-4198-829F-55AA9F512031}.Release|Any CPU.ActiveCfg = Release|Any CPU
		{1EF2AD61-4AF0-4198-829F-55AA9F512031}.Release|Any CPU.Build.0 = Release|Any CPU
	EndGlobalSection
	GlobalSection(SolutionProperties) = preSolution
		HideSolutionNode = FALSE
	EndGlobalSection
	GlobalSection(ExtensibilityGlobals) = postSolution
		SolutionGuid = {DE0C8FB0-D634-46FA-9C1F-BBAF3D1450E7}
	EndGlobalSection
EndGlobal
